
Microsoft Visual Studio Solution File, Format Version 12.00
# Visual Studio Version 17
VisualStudioVersion = 17.5.33627.172
MinimumVisualStudioVersion = 10.0.40219.1
Project("{FAE04EC0-301F-11D3-BF4B-00C04F79EFBC}") = "ADO.NET_DZ_N2", "ADO.NET_DZ_N2\ADO.NET_DZ_N2.csproj", "{DD7A24A4-E1E8-46DF-AB01-0EA9929E6D10}"
EndProject
Global
	GlobalSection(SolutionConfigurationPlatforms) = preSolution
		Debug|Any CPU = Debug|Any CPU
		Release|Any CPU = Release|Any CPU
	EndGlobalSection
	GlobalSection(ProjectConfigurationPlatforms) = postSolution
		{DD7A24A4-E1E8-46DF-AB01-0EA9929E6D10}.Debug|Any CPU.ActiveCfg = Debug|Any CPU
		{DD7A24A4-E1E8-46DF-AB01-0EA9929E6D10}.Debug|Any CPU.Build.0 = Debug|Any CPU
		{DD7A24A4-E1E8-46DF-AB01-0EA9929E6D10}.Release|Any CPU.ActiveCfg = Release|Any CPU
		{DD7A24A4-E1E8-46DF-AB01-0EA9929E6D10}.Release|Any CPU.Build.0 = Release|Any CPU
	EndGlobalSection
	GlobalSection(SolutionProperties) = preSolution
		HideSolutionNode = FALSE
	EndGlobalSection
	GlobalSection(ExtensibilityGlobals) = postSolution
		SolutionGuid = {DE65F2F9-2869-456B-82D1-FFC21D3A1131}
	EndGlobalSection
EndGlobal
